
Microsoft Visual Studio Solution File, Format Version 12.00
# Visual Studio Version 17
VisualStudioVersion = 17.1.32407.343
MinimumVisualStudioVersion = 10.0.40219.1
Project("{9A19103F-16F7-4668-BE54-9A1E7A4F7556}") = "TransUnion", "TransUnion.csproj", "{5A3ED6B7-E05A-4C08-A8A3-62CA7A8CE47C}"
EndProject
Project("{9A19103F-16F7-4668-BE54-9A1E7A4F7556}") = "UnitTests", "..\UnitTests\UnitTests.csproj", "{78B6090C-73F4-47C5-AF41-6B9596479F41}"
EndProject
Global
	GlobalSection(SolutionConfigurationPlatforms) = preSolution
		Debug|Any CPU = Debug|Any CPU
		Release|Any CPU = Release|Any CPU
	EndGlobalSection
	GlobalSection(ProjectConfigurationPlatforms) = postSolution
		{5A3ED6B7-E05A-4C08-A8A3-62CA7A8CE47C}.Debug|Any CPU.ActiveCfg = Debug|Any CPU
		{5A3ED6B7-E05A-4C08-A8A3-62CA7A8CE47C}.Debug|Any CPU.Build.0 = Debug|Any CPU
		{5A3ED6B7-E05A-4C08-A8A3-62CA7A8CE47C}.Release|Any CPU.ActiveCfg = Release|Any CPU
		{5A3ED6B7-E05A-4C08-A8A3-62CA7A8CE47C}.Release|Any CPU.Build.0 = Release|Any CPU
		{78B6090C-73F4-47C5-AF41-6B9596479F41}.Debug|Any CPU.ActiveCfg = Debug|Any CPU
		{78B6090C-73F4-47C5-AF41-6B9596479F41}.Debug|Any CPU.Build.0 = Debug|Any CPU
		{78B6090C-73F4-47C5-AF41-6B9596479F41}.Release|Any CPU.ActiveCfg = Release|Any CPU
		{78B6090C-73F4-47C5-AF41-6B9596479F41}.Release|Any CPU.Build.0 = Release|Any CPU
	EndGlobalSection
	GlobalSection(SolutionProperties) = preSolution
		HideSolutionNode = FALSE
	EndGlobalSection
	GlobalSection(ExtensibilityGlobals) = postSolution
		SolutionGuid = {2C73DD26-5199-4E1C-B383-17BDAB2A81E3}
	EndGlobalSection
EndGlobal
